
Microsoft Visual Studio Solution File, Format Version 11.00
# Visual Studio 2010
Project("{FAE04EC0-301F-11D3-BF4B-00C04F79EFBC}") = "Tanke", "Assembly-CSharp.csproj", "{B6DE7E9E-5079-7812-703D-C500A1CAC5A0}"
EndProject
Project("{FAE04EC0-301F-11D3-BF4B-00C04F79EFBC}") = "Tanke", "Assembly-CSharp-firstpass.csproj", "{484DA031-4FF7-6017-2A32-4C9D23236DF3}"
EndProject
Project("{FAE04EC0-301F-11D3-BF4B-00C04F79EFBC}") = "Tanke", "Assembly-CSharp-Editor.csproj", "{2962B3C6-7AB8-7965-6DFA-5EEEF6B83599}"
EndProject
Global
	GlobalSection(SolutionConfigurationPlatforms) = preSolution
		Debug|Any CPU = Debug|Any CPU
		Release|Any CPU = Release|Any CPU
	EndGlobalSection
	GlobalSection(ProjectConfigurationPlatforms) = postSolution
		{B6DE7E9E-5079-7812-703D-C500A1CAC5A0}.Debug|Any CPU.ActiveCfg = Debug|Any CPU
		{B6DE7E9E-5079-7812-703D-C500A1CAC5A0}.Debug|Any CPU.Build.0 = Debug|Any CPU
		{B6DE7E9E-5079-7812-703D-C500A1CAC5A0}.Release|Any CPU.ActiveCfg = Release|Any CPU
		{B6DE7E9E-5079-7812-703D-C500A1CAC5A0}.Release|Any CPU.Build.0 = Release|Any CPU
		{484DA031-4FF7-6017-2A32-4C9D23236DF3}.Debug|Any CPU.ActiveCfg = Debug|Any CPU
		{484DA031-4FF7-6017-2A32-4C9D23236DF3}.Debug|Any CPU.Build.0 = Debug|Any CPU
		{484DA031-4FF7-6017-2A32-4C9D23236DF3}.Release|Any CPU.ActiveCfg = Release|Any CPU
		{484DA031-4FF7-6017-2A32-4C9D23236DF3}.Release|Any CPU.Build.0 = Release|Any CPU
		{2962B3C6-7AB8-7965-6DFA-5EEEF6B83599}.Debug|Any CPU.ActiveCfg = Debug|Any CPU
		{2962B3C6-7AB8-7965-6DFA-5EEEF6B83599}.Debug|Any CPU.Build.0 = Debug|Any CPU
		{2962B3C6-7AB8-7965-6DFA-5EEEF6B83599}.Release|Any CPU.ActiveCfg = Release|Any CPU
		{2962B3C6-7AB8-7965-6DFA-5EEEF6B83599}.Release|Any CPU.Build.0 = Release|Any CPU
	EndGlobalSection
	GlobalSection(SolutionProperties) = preSolution
		HideSolutionNode = FALSE
	EndGlobalSection
	GlobalSection(MonoDevelopProperties) = preSolution
		StartupItem = Assembly-CSharp.csproj
	EndGlobalSection
EndGlobal
